
Microsoft Visual Studio Solution File, Format Version 12.00
# Visual Studio 15
VisualStudioVersion = 15.0.27130.2010
MinimumVisualStudioVersion = 10.0.40219.1
Project("{2150E333-8FDC-42A3-9474-1A3956D46DE8}") = "app", "app", "{BEC2641B-3322-4C44-A3C2-214208E4E8FC}"
EndProject
Project("{2150E333-8FDC-42A3-9474-1A3956D46DE8}") = "host", "host", "{50BFC1EC-49DF-4D95-9D9D-E88ADA1C1CFB}"
EndProject
Project("{2150E333-8FDC-42A3-9474-1A3956D46DE8}") = "packageDev", "packageDev", "{8C4F8D76-50C3-447F-8FB7-8F2E13AF8902}"
EndProject
Project("{9A19103F-16F7-4668-BE54-9A1E7A4F7556}") = "OpenStory.Api.Http.Host", "app\host\OpenStory.Api.Http.Host\OpenStory.Api.Http.Host.csproj", "{ED671DE6-5E0E-4FA9-872E-6CE02D3DD0AC}"
EndProject
Project("{9A19103F-16F7-4668-BE54-9A1E7A4F7556}") = "OpenStory.Api.Http", "app\OpenStory.Api.Http\OpenStory.Api.Http.csproj", "{E5CAB887-4E57-4389-BEBB-82E19F6BC368}"
EndProject
Project("{9A19103F-16F7-4668-BE54-9A1E7A4F7556}") = "OpenStory.Api.Http.Linking", "app\OpenStory.Api.LinkRelations\OpenStory.Api.Http.Linking.csproj", "{1EFEF856-B078-455B-A89A-71C2840DD519}"
EndProject
Project("{2150E333-8FDC-42A3-9474-1A3956D46DE8}") = "lib", "lib", "{491C65B5-5044-4608-8C47-A1ADAEB2FA9F}"
EndProject
Project("{9A19103F-16F7-4668-BE54-9A1E7A4F7556}") = "OpenStory.Api.Domain", "packageDev\OpenStory.Api.Domain\OpenStory.Api.Domain.csproj", "{91AC7A90-ADD8-4448-AF4D-9B8420C61CB4}"
EndProject
Project("{9A19103F-16F7-4668-BE54-9A1E7A4F7556}") = "OpenStory.Data", "packageDev\lib\OpenStory.Data\OpenStory.Data.csproj", "{2C3C4AA5-7A6C-4CC0-A735-72FEBC50F23A}"
EndProject
Project("{2150E333-8FDC-42A3-9474-1A3956D46DE8}") = ".etc", ".etc", "{6D4D293B-64F1-4DE4-9337-B5A259F2BC60}"
	ProjectSection(SolutionItems) = preProject
		.gitignore = .gitignore
		readme.md = readme.md
	EndProjectSection
EndProject
Project("{2150E333-8FDC-42A3-9474-1A3956D46DE8}") = "tests", "tests", "{7F8FE2C7-6505-4CD4-BE86-0AE2CA388DC0}"
EndProject
Project("{2150E333-8FDC-42A3-9474-1A3956D46DE8}") = "app", "app", "{ED346DDC-7DA0-4C2E-9242-92B3AE3EA140}"
EndProject
Project("{9A19103F-16F7-4668-BE54-9A1E7A4F7556}") = "OpenStory.Api.Http.Tests", "tests\app\OpenStory.Api.Http.Tests\OpenStory.Api.Http.Tests.csproj", "{23512174-E601-482C-9B96-87A5F266CF73}"
EndProject
Project("{9A19103F-16F7-4668-BE54-9A1E7A4F7556}") = "OpenStory.Data.Http", "packageDev\lib\OpenStory.Data.Http\OpenStory.Data.Http.csproj", "{8CB4118B-1CA6-4F5F-AA27-777210DEDFDE}"
EndProject
Project("{9A19103F-16F7-4668-BE54-9A1E7A4F7556}") = "OpenStory.Sagas", "packageDev\lib\OpenStory.Sagas\OpenStory.Sagas.csproj", "{7D5AE15F-662F-4941-B61E-8E115518ECEE}"
EndProject
Project("{9A19103F-16F7-4668-BE54-9A1E7A4F7556}") = "OpenStory.Api.Data.Http.Mongo", "packageDev\OpenStory.Api.Data.Http.Mongo\OpenStory.Api.Data.Http.Mongo.csproj", "{813AB688-A38F-47EB-AB56-49655835CE39}"
EndProject
Project("{9A19103F-16F7-4668-BE54-9A1E7A4F7556}") = "OpenStory.Auth.Http", "packageDev\lib\OpenStory.Auth.Http\OpenStory.Auth.Http.csproj", "{CC5F8896-8C73-4FAB-8051-2FD251F447A0}"
EndProject
Project("{9A19103F-16F7-4668-BE54-9A1E7A4F7556}") = "OpenStory.Auth.Token", "packageDev\lib\OpenStory.Auth.Token\OpenStory.Auth.Token.csproj", "{C48A66BC-70E0-4D43-BA5A-4E5C991D170A}"
EndProject
Project("{FAE04EC0-301F-11D3-BF4B-00C04F79EFBC}") = "OpenStory.Api.Auth.Http.OAuth.Azure", "packageDev\OpenStory.Api.Auth.Http.OAuth.Azure\OpenStory.Api.Auth.Http.OAuth.Azure.csproj", "{43B9C0F6-BB5B-43E9-8C58-8EE43E11B022}"
EndProject
Project("{FAE04EC0-301F-11D3-BF4B-00C04F79EFBC}") = "OpenStory.Auth.Token.Jwt", "packageDev\OpenStory.Auth.Token.Jwt\OpenStory.Auth.Token.Jwt.csproj", "{11991C23-39B1-44A5-A924-02F50FD82350}"
EndProject
Project("{FAE04EC0-301F-11D3-BF4B-00C04F79EFBC}") = "OpenStory.Api.Http.Bindings", "app\OpenStory.Api.Http.Bindings\OpenStory.Api.Http.Bindings.csproj", "{3D1625A0-071D-43B2-823B-D43641567218}"
EndProject
Global
	GlobalSection(SolutionConfigurationPlatforms) = preSolution
		Debug|Any CPU = Debug|Any CPU
		Release|Any CPU = Release|Any CPU
	EndGlobalSection
	GlobalSection(ProjectConfigurationPlatforms) = postSolution
		{ED671DE6-5E0E-4FA9-872E-6CE02D3DD0AC}.Debug|Any CPU.ActiveCfg = Debug|Any CPU
		{ED671DE6-5E0E-4FA9-872E-6CE02D3DD0AC}.Debug|Any CPU.Build.0 = Debug|Any CPU
		{ED671DE6-5E0E-4FA9-872E-6CE02D3DD0AC}.Release|Any CPU.ActiveCfg = Release|Any CPU
		{ED671DE6-5E0E-4FA9-872E-6CE02D3DD0AC}.Release|Any CPU.Build.0 = Release|Any CPU
		{E5CAB887-4E57-4389-BEBB-82E19F6BC368}.Debug|Any CPU.ActiveCfg = Debug|Any CPU
		{E5CAB887-4E57-4389-BEBB-82E19F6BC368}.Debug|Any CPU.Build.0 = Debug|Any CPU
		{E5CAB887-4E57-4389-BEBB-82E19F6BC368}.Release|Any CPU.ActiveCfg = Release|Any CPU
		{E5CAB887-4E57-4389-BEBB-82E19F6BC368}.Release|Any CPU.Build.0 = Release|Any CPU
		{1EFEF856-B078-455B-A89A-71C2840DD519}.Debug|Any CPU.ActiveCfg = Debug|Any CPU
		{1EFEF856-B078-455B-A89A-71C2840DD519}.Debug|Any CPU.Build.0 = Debug|Any CPU
		{1EFEF856-B078-455B-A89A-71C2840DD519}.Release|Any CPU.ActiveCfg = Release|Any CPU
		{1EFEF856-B078-455B-A89A-71C2840DD519}.Release|Any CPU.Build.0 = Release|Any CPU
		{91AC7A90-ADD8-4448-AF4D-9B8420C61CB4}.Debug|Any CPU.ActiveCfg = Debug|Any CPU
		{91AC7A90-ADD8-4448-AF4D-9B8420C61CB4}.Debug|Any CPU.Build.0 = Debug|Any CPU
		{91AC7A90-ADD8-4448-AF4D-9B8420C61CB4}.Release|Any CPU.ActiveCfg = Release|Any CPU
		{91AC7A90-ADD8-4448-AF4D-9B8420C61CB4}.Release|Any CPU.Build.0 = Release|Any CPU
		{2C3C4AA5-7A6C-4CC0-A735-72FEBC50F23A}.Debug|Any CPU.ActiveCfg = Debug|Any CPU
		{2C3C4AA5-7A6C-4CC0-A735-72FEBC50F23A}.Debug|Any CPU.Build.0 = Debug|Any CPU
		{2C3C4AA5-7A6C-4CC0-A735-72FEBC50F23A}.Release|Any CPU.ActiveCfg = Release|Any CPU
		{2C3C4AA5-7A6C-4CC0-A735-72FEBC50F23A}.Release|Any CPU.Build.0 = Release|Any CPU
		{23512174-E601-482C-9B96-87A5F266CF73}.Debug|Any CPU.ActiveCfg = Debug|Any CPU
		{23512174-E601-482C-9B96-87A5F266CF73}.Debug|Any CPU.Build.0 = Debug|Any CPU
		{23512174-E601-482C-9B96-87A5F266CF73}.Release|Any CPU.ActiveCfg = Release|Any CPU
		{23512174-E601-482C-9B96-87A5F266CF73}.Release|Any CPU.Build.0 = Release|Any CPU
		{8CB4118B-1CA6-4F5F-AA27-777210DEDFDE}.Debug|Any CPU.ActiveCfg = Debug|Any CPU
		{8CB4118B-1CA6-4F5F-AA27-777210DEDFDE}.Debug|Any CPU.Build.0 = Debug|Any CPU
		{8CB4118B-1CA6-4F5F-AA27-777210DEDFDE}.Release|Any CPU.ActiveCfg = Release|Any CPU
		{8CB4118B-1CA6-4F5F-AA27-777210DEDFDE}.Release|Any CPU.Build.0 = Release|Any CPU
		{7D5AE15F-662F-4941-B61E-8E115518ECEE}.Debug|Any CPU.ActiveCfg = Debug|Any CPU
		{7D5AE15F-662F-4941-B61E-8E115518ECEE}.Debug|Any CPU.Build.0 = Debug|Any CPU
		{7D5AE15F-662F-4941-B61E-8E115518ECEE}.Release|Any CPU.ActiveCfg = Release|Any CPU
		{7D5AE15F-662F-4941-B61E-8E115518ECEE}.Release|Any CPU.Build.0 = Release|Any CPU
		{813AB688-A38F-47EB-AB56-49655835CE39}.Debug|Any CPU.ActiveCfg = Debug|Any CPU
		{813AB688-A38F-47EB-AB56-49655835CE39}.Debug|Any CPU.Build.0 = Debug|Any CPU
		{813AB688-A38F-47EB-AB56-49655835CE39}.Release|Any CPU.ActiveCfg = Release|Any CPU
		{813AB688-A38F-47EB-AB56-49655835CE39}.Release|Any CPU.Build.0 = Release|Any CPU
		{CC5F8896-8C73-4FAB-8051-2FD251F447A0}.Debug|Any CPU.ActiveCfg = Debug|Any CPU
		{CC5F8896-8C73-4FAB-8051-2FD251F447A0}.Debug|Any CPU.Build.0 = Debug|Any CPU
		{CC5F8896-8C73-4FAB-8051-2FD251F447A0}.Release|Any CPU.ActiveCfg = Release|Any CPU
		{CC5F8896-8C73-4FAB-8051-2FD251F447A0}.Release|Any CPU.Build.0 = Release|Any CPU
		{C48A66BC-70E0-4D43-BA5A-4E5C991D170A}.Debug|Any CPU.ActiveCfg = Debug|Any CPU
		{C48A66BC-70E0-4D43-BA5A-4E5C991D170A}.Debug|Any CPU.Build.0 = Debug|Any CPU
		{C48A66BC-70E0-4D43-BA5A-4E5C991D170A}.Release|Any CPU.ActiveCfg = Release|Any CPU
		{C48A66BC-70E0-4D43-BA5A-4E5C991D170A}.Release|Any CPU.Build.0 = Release|Any CPU
		{43B9C0F6-BB5B-43E9-8C58-8EE43E11B022}.Debug|Any CPU.ActiveCfg = Debug|Any CPU
		{43B9C0F6-BB5B-43E9-8C58-8EE43E11B022}.Debug|Any CPU.Build.0 = Debug|Any CPU
		{43B9C0F6-BB5B-43E9-8C58-8EE43E11B022}.Release|Any CPU.ActiveCfg = Release|Any CPU
		{43B9C0F6-BB5B-43E9-8C58-8EE43E11B022}.Release|Any CPU.Build.0 = Release|Any CPU
		{11991C23-39B1-44A5-A924-02F50FD82350}.Debug|Any CPU.ActiveCfg = Debug|Any CPU
		{11991C23-39B1-44A5-A924-02F50FD82350}.Debug|Any CPU.Build.0 = Debug|Any CPU
		{11991C23-39B1-44A5-A924-02F50FD82350}.Release|Any CPU.ActiveCfg = Release|Any CPU
		{11991C23-39B1-44A5-A924-02F50FD82350}.Release|Any CPU.Build.0 = Release|Any CPU
		{3D1625A0-071D-43B2-823B-D43641567218}.Debug|Any CPU.ActiveCfg = Debug|Any CPU
		{3D1625A0-071D-43B2-823B-D43641567218}.Debug|Any CPU.Build.0 = Debug|Any CPU
		{3D1625A0-071D-43B2-823B-D43641567218}.Release|Any CPU.ActiveCfg = Release|Any CPU
		{3D1625A0-071D-43B2-823B-D43641567218}.Release|Any CPU.Build.0 = Release|Any CPU
	EndGlobalSection
	GlobalSection(SolutionProperties) = preSolution
		HideSolutionNode = FALSE
	EndGlobalSection
	GlobalSection(NestedProjects) = preSolution
		{50BFC1EC-49DF-4D95-9D9D-E88ADA1C1CFB} = {BEC2641B-3322-4C44-A3C2-214208E4E8FC}
		{ED671DE6-5E0E-4FA9-872E-6CE02D3DD0AC} = {50BFC1EC-49DF-4D95-9D9D-E88ADA1C1CFB}
		{E5CAB887-4E57-4389-BEBB-82E19F6BC368} = {BEC2641B-3322-4C44-A3C2-214208E4E8FC}
		{1EFEF856-B078-455B-A89A-71C2840DD519} = {BEC2641B-3322-4C44-A3C2-214208E4E8FC}
		{491C65B5-5044-4608-8C47-A1ADAEB2FA9F} = {8C4F8D76-50C3-447F-8FB7-8F2E13AF8902}
		{91AC7A90-ADD8-4448-AF4D-9B8420C61CB4} = {8C4F8D76-50C3-447F-8FB7-8F2E13AF8902}
		{2C3C4AA5-7A6C-4CC0-A735-72FEBC50F23A} = {491C65B5-5044-4608-8C47-A1ADAEB2FA9F}
		{ED346DDC-7DA0-4C2E-9242-92B3AE3EA140} = {7F8FE2C7-6505-4CD4-BE86-0AE2CA388DC0}
		{23512174-E601-482C-9B96-87A5F266CF73} = {ED346DDC-7DA0-4C2E-9242-92B3AE3EA140}
		{8CB4118B-1CA6-4F5F-AA27-777210DEDFDE} = {491C65B5-5044-4608-8C47-A1ADAEB2FA9F}
		{7D5AE15F-662F-4941-B61E-8E115518ECEE} = {491C65B5-5044-4608-8C47-A1ADAEB2FA9F}
		{813AB688-A38F-47EB-AB56-49655835CE39} = {8C4F8D76-50C3-447F-8FB7-8F2E13AF8902}
		{CC5F8896-8C73-4FAB-8051-2FD251F447A0} = {491C65B5-5044-4608-8C47-A1ADAEB2FA9F}
		{C48A66BC-70E0-4D43-BA5A-4E5C991D170A} = {491C65B5-5044-4608-8C47-A1ADAEB2FA9F}
		{43B9C0F6-BB5B-43E9-8C58-8EE43E11B022} = {8C4F8D76-50C3-447F-8FB7-8F2E13AF8902}
		{11991C23-39B1-44A5-A924-02F50FD82350} = {8C4F8D76-50C3-447F-8FB7-8F2E13AF8902}
		{3D1625A0-071D-43B2-823B-D43641567218} = {BEC2641B-3322-4C44-A3C2-214208E4E8FC}
	EndGlobalSection
	GlobalSection(ExtensibilityGlobals) = postSolution
		SolutionGuid = {7367170C-E4D6-4513-982C-0F56E70A3B7E}
	EndGlobalSection
EndGlobal
